{
  "name": "database-js-sqlite",
  "version": "1.2.0",
  "lockfileVersion": 1,
  "requires": true,
  "dependencies": {
    "database-js": {
      "version": "3.0.2",
      "resolved": "https://registry.npmjs.org/database-js/-/database-js-3.0.2.tgz",
      "integrity": "sha512-YoCw6q95dwzbD/3PlZm6+CcxJY8QbEvbEt5bRCUVdskyT5j97Ofjt77in6GpCbxDUbKBZ7eGzlyJ7pLPH7raAg==",
      "dev": true
    },
    "debug": {
      "version": "3.0.0",
      "resolved": "https://registry.npmjs.org/debug/-/debug-3.0.0.tgz",
      "integrity": "sha512-XQkHxxqbsCb+zFurCHbotmJZl5jXsxvkRt952pT6Hpo7LmjWAJF12d9/kqBg5owjbLADbBDli1olravjSiSg8g==",
      "requires": {
        "ms": "2.0.0"
      }
    },
    "ms": {
      "version": "2.0.0",
      "resolved": "https://registry.npmjs.org/ms/-/ms-2.0.0.tgz",
      "integrity": "sha1-VgiurfwAvmwpAd9fmGF4jeDVl8g="
    },
    "sql.js": {
      "version": "0.4.0",
      "resolved": "https://registry.npmjs.org/sql.js/-/sql.js-0.4.0.tgz",
      "integrity": "sha1-I76WNVIOsP9Dp0Hn6DA5cmbohEU="
    }
  }
}
